
Microsoft Visual Studio Solution File, Format Version 12.00
# Visual Studio 15
VisualStudioVersion = 15.0.27703.2035
MinimumVisualStudioVersion = 10.0.40219.1
Project("{FAE04EC0-301F-11D3-BF4B-00C04F79EFBC}") = "WebAppveyor", "WebAppveyor\WebAppveyor.csproj", "{1B2D96F0-FBD9-4198-A41B-0B4C114BE311}"
EndProject
Global
	GlobalSection(SolutionConfigurationPlatforms) = preSolution
		Debug|Any CPU = Debug|Any CPU
		Release|Any CPU = Release|Any CPU
	EndGlobalSection
	GlobalSection(ProjectConfigurationPlatforms) = postSolution
		{1B2D96F0-FBD9-4198-A41B-0B4C114BE311}.Debug|Any CPU.ActiveCfg = Debug|Any CPU
		{1B2D96F0-FBD9-4198-A41B-0B4C114BE311}.Debug|Any CPU.Build.0 = Debug|Any CPU
		{1B2D96F0-FBD9-4198-A41B-0B4C114BE311}.Release|Any CPU.ActiveCfg = Release|Any CPU
		{1B2D96F0-FBD9-4198-A41B-0B4C114BE311}.Release|Any CPU.Build.0 = Release|Any CPU
	EndGlobalSection
	GlobalSection(SolutionProperties) = preSolution
		HideSolutionNode = FALSE
	EndGlobalSection
	GlobalSection(ExtensibilityGlobals) = postSolution
		SolutionGuid = {2A0DD7F9-84E0-45D7-978C-B7792C571263}
	EndGlobalSection
EndGlobal
